
Microsoft Visual Studio Solution File, Format Version 12.00
# Visual Studio Version 17
VisualStudioVersion = 17.11.35312.102
MinimumVisualStudioVersion = 10.0.40219.1
Project("{FAE04EC0-301F-11D3-BF4B-00C04F79EFBC}") = "Hospital", "Hospital\Hospital.csproj", "{CE27E7EA-45BE-49E4-B6B6-B0A3CBEA3210}"
EndProject
Global
	GlobalSection(SolutionConfigurationPlatforms) = preSolution
		Debug|Any CPU = Debug|Any CPU
		Release|Any CPU = Release|Any CPU
	EndGlobalSection
	GlobalSection(ProjectConfigurationPlatforms) = postSolution
		{CE27E7EA-45BE-49E4-B6B6-B0A3CBEA3210}.Debug|Any CPU.ActiveCfg = Debug|Any CPU
		{CE27E7EA-45BE-49E4-B6B6-B0A3CBEA3210}.Debug|Any CPU.Build.0 = Debug|Any CPU
		{CE27E7EA-45BE-49E4-B6B6-B0A3CBEA3210}.Release|Any CPU.ActiveCfg = Release|Any CPU
		{CE27E7EA-45BE-49E4-B6B6-B0A3CBEA3210}.Release|Any CPU.Build.0 = Release|Any CPU
	EndGlobalSection
	GlobalSection(SolutionProperties) = preSolution
		HideSolutionNode = FALSE
	EndGlobalSection
	GlobalSection(ExtensibilityGlobals) = postSolution
		SolutionGuid = {A93C382C-AFDD-4253-AF52-F041C43E5BA3}
	EndGlobalSection
EndGlobal
